
Microsoft Visual Studio Solution File, Format Version 12.00
# Visual Studio Version 17
VisualStudioVersion = 17.8.34322.80
MinimumVisualStudioVersion = 10.0.40219.1
Project("{FAE04EC0-301F-11D3-BF4B-00C04F79EFBC}") = "WebAPi-App", "WebAPi-App\WebAPi-App.csproj", "{38698F93-F3B6-4002-A3F4-02D18139A9B8}"
EndProject
Global
	GlobalSection(SolutionConfigurationPlatforms) = preSolution
		Debug|Any CPU = Debug|Any CPU
		Release|Any CPU = Release|Any CPU
	EndGlobalSection
	GlobalSection(ProjectConfigurationPlatforms) = postSolution
		{38698F93-F3B6-4002-A3F4-02D18139A9B8}.Debug|Any CPU.ActiveCfg = Debug|Any CPU
		{38698F93-F3B6-4002-A3F4-02D18139A9B8}.Debug|Any CPU.Build.0 = Debug|Any CPU
		{38698F93-F3B6-4002-A3F4-02D18139A9B8}.Release|Any CPU.ActiveCfg = Release|Any CPU
		{38698F93-F3B6-4002-A3F4-02D18139A9B8}.Release|Any CPU.Build.0 = Release|Any CPU
	EndGlobalSection
	GlobalSection(SolutionProperties) = preSolution
		HideSolutionNode = FALSE
	EndGlobalSection
	GlobalSection(ExtensibilityGlobals) = postSolution
		SolutionGuid = {7DB7305A-B414-45ED-8B4D-2EFF62CA0F5B}
	EndGlobalSection
EndGlobal
